// !$*UTF8*$!
{
	archiveVersion = 1;
	classes = {
	};
	objectVersion = 46;
	objects = {

/* Begin PBXBuildFile section */
		BC7FAFB0D63BCB0BC58ABC1E /* Pods_Icon_Generator.framework in Frameworks */ = {isa = PBXBuildFile; fileRef = 55B905110336CAEB1C0C14B8 /* Pods_Icon_Generator.framework */; };
		BFB0F7701D3A1B8300FF3AD7 /* AppDelegate.swift in Sources */ = {isa = PBXBuildFile; fileRef = BFB0F76F1D3A1B8300FF3AD7 /* AppDelegate.swift */; };
		BFB0F7721D3A1B8300FF3AD7 /* ViewController.swift in Sources */ = {isa = PBXBuildFile; fileRef = BFB0F7711D3A1B8300FF3AD7 /* ViewController.swift */; };
		BFB0F7751D3A1B8300FF3AD7 /* Main.storyboard in Resources */ = {isa = PBXBuildFile; fileRef = BFB0F7731D3A1B8300FF3AD7 /* Main.storyboard */; };
		BFB0F7781D3A1B8300FF3AD7 /* Icon_Generator.xcdatamodeld in Sources */ = {isa = PBXBuildFile; fileRef = BFB0F7761D3A1B8300FF3AD7 /* Icon_Generator.xcdatamodeld */; };
		BFB0F77A1D3A1B8300FF3AD7 /* Assets.xcassets in Resources */ = {isa = PBXBuildFile; fileRef = BFB0F7791D3A1B8300FF3AD7 /* Assets.xcassets */; };
		BFB0F77D1D3A1B8300FF3AD7 /* LaunchScreen.storyboard in Resources */ = {isa = PBXBuildFile; fileRef = BFB0F77B1D3A1B8300FF3AD7 /* LaunchScreen.storyboard */; };
/* End PBXBuildFile section */

/* Begin PBXFileReference section */
		55B905110336CAEB1C0C14B8 /* Pods_Icon_Generator.framework */ = {isa = PBXFileReference; explicitFileType = wrapper.framework; includeInIndex = 0; path = Pods_Icon_Generator.framework; sourceTree = BUILT_PRODUCTS_DIR; };
		BFB0F76C1D3A1B8200FF3AD7 /* Icon Generator.app */ = {isa = PBXFileReference; explicitFileType = wrapper.application; includeInIndex = 0; path = "Icon Generator.app"; sourceTree = BUILT_PRODUCTS_DIR; };
		BFB0F76F1D3A1B8300FF3AD7 /* AppDelegate.swift */ = {isa = PBXFileReference; lastKnownFileType = sourcecode.swift; path = AppDelegate.swift; sourceTree = "<group>"; };
		BFB0F7711D3A1B8300FF3AD7 /* ViewController.swift */ = {isa = PBXFileReference; lastKnownFileType = sourcecode.swift; path = ViewController.swift; sourceTree = "<group>"; };
		BFB0F7741D3A1B8300FF3AD7 /* Base */ = {isa = PBXFileReference; lastKnownFileType = file.storyboard; name = Base; path = Base.lproj/Main.storyboard; sourceTree = "<group>"; };
		BFB0F7771D3A1B8300FF3AD7 /* Icon_Generator.xcdatamodel */ = {isa = PBXFileReference; lastKnownFileType = wrapper.xcdatamodel; path = Icon_Generator.xcdatamodel; sourceTree = "<group>"; };
		BFB0F7791D3A1B8300FF3AD7 /* Assets.xcassets */ = {isa = PBXFileReference; lastKnownFileType = folder.assetcatalog; path = Assets.xcassets; sourceTree = "<group>"; };
		BFB0F77C1D3A1B8300FF3AD7 /* Base */ = {isa = PBXFileReference; lastKnownFileType = file.storyboard; name = Base; path = Base.lproj/LaunchScreen.storyboard; sourceTree = "<group>"; };
		BFB0F77E1D3A1B8300FF3AD7 /* Info.plist */ = {isa = PBXFileReference; lastKnownFileType = text.plist.xml; path = Info.plist; sourceTree = "<group>"; };
		E798755F087AE583EEB2EF2C /* Pods-Icon Generator.release.xcconfig */ = {isa = PBXFileReference; includeInIndex = 1; lastKnownFileType = text.xcconfig; name = "Pods-Icon Generator.release.xcconfig"; path = "Pods/Target Support Files/Pods-Icon Generator/Pods-Icon Generator.release.xcconfig"; sourceTree = "<group>"; };
		F82A0D307E76DDBA1482159B /* Pods-Icon Generator.debug.xcconfig */ = {isa = PBXFileReference; includeInIndex = 1; lastKnownFileType = text.xcconfig; name = "Pods-Icon Generator.debug.xcconfig"; path = "Pods/Target Support Files/Pods-Icon Generator/Pods-Icon Generator.debug.xcconfig"; sourceTree = "<group>"; };
/* End PBXFileReference section */

/* Begin PBXFrameworksBuildPhase section */
		BFB0F7691D3A1B8200FF3AD7 /* Frameworks */ = {
			isa = PBXFrameworksBuildPhase;
			buildActionMask = 2147483647;
			files = (
				BC7FAFB0D63BCB0BC58ABC1E /* Pods_Icon_Generator.framework in Frameworks */,
			);
			runOnlyForDeploymentPostprocessing = 0;
		};
/* End PBXFrameworksBuildPhase section */

/* Begin PBXGroup section */
		BFB0F7631D3A1B8200FF3AD7 = {
			isa = PBXGroup;
			children = (
				BFB0F76E1D3A1B8300FF3AD7 /* Icon Generator */,
				BFB0F76D1D3A1B8200FF3AD7 /* Products */,
				EC64173B03F598A73BF164D5 /* Pods */,
				E163E2DF84516B96617D7D69 /* Frameworks */,
			);
			sourceTree = "<group>";
		};
		BFB0F76D1D3A1B8200FF3AD7 /* Products */ = {
			isa = PBXGroup;
			children = (
				BFB0F76C1D3A1B8200FF3AD7 /* Icon Generator.app */,
			);
			name = Products;
			sourceTree = "<group>";
		};
		BFB0F76E1D3A1B8300FF3AD7 /* Icon Generator */ = {
			isa = PBXGroup;
			children = (
				BFB0F76F1D3A1B8300FF3AD7 /* AppDelegate.swift */,
				BFB0F7711D3A1B8300FF3AD7 /* ViewController.swift */,
				BFB0F7731D3A1B8300FF3AD7 /* Main.storyboard */,
				BFB0F7791D3A1B8300FF3AD7 /* Assets.xcassets */,
				BFB0F77B1D3A1B8300FF3AD7 /* LaunchScreen.storyboard */,
				BFB0F77E1D3A1B8300FF3AD7 /* Info.plist */,
				BFB0F7761D3A1B8300FF3AD7 /* Icon_Generator.xcdatamodeld */,
			);
			path = "Icon Generator";
			sourceTree = "<group>";
		};
		E163E2DF84516B96617D7D69 /* Frameworks */ = {
			isa = PBXGroup;
			children = (
				55B905110336CAEB1C0C14B8 /* Pods_Icon_Generator.framework */,
			);
			name = Frameworks;
			sourceTree = "<group>";
		};
		EC64173B03F598A73BF164D5 /* Pods */ = {
			isa = PBXGroup;
			children = (
				F82A0D307E76DDBA1482159B /* Pods-Icon Generator.debug.xcconfig */,
				E798755F087AE583EEB2EF2C /* Pods-Icon Generator.release.xcconfig */,
			);
			name = Pods;
			sourceTree = "<group>";
		};
/* End PBXGroup section */

/* Begin PBXNativeTarget section */
		BFB0F76B1D3A1B8200FF3AD7 /* Icon Generator */ = {
			isa = PBXNativeTarget;
			buildConfigurationList = BFB0F7811D3A1B8300FF3AD7 /* Build configuration list for PBXNativeTarget "Icon Generator" */;
			buildPhases = (
				26B41C52873152B6AE354976 /* 📦 Check Pods Manifest.lock */,
				BFB0F7681D3A1B8200FF3AD7 /* Sources */,
				BFB0F7691D3A1B8200FF3AD7 /* Frameworks */,
				BFB0F76A1D3A1B8200FF3AD7 /* Resources */,
				7AF077A7B04FDD17DC881AB9 /* 📦 Embed Pods Frameworks */,
				A8011997F7A7EC18AC36C3CC /* 📦 Copy Pods Resources */,
			);
			buildRules = (
			);
			dependencies = (
			);
			name = "Icon Generator";
			productName = "Icon Generator";
			productReference = BFB0F76C1D3A1B8200FF3AD7 /* Icon Generator.app */;
			productType = "com.apple.product-type.application";
		};
/* End PBXNativeTarget section */

/* Begin PBXProject section */
		BFB0F7641D3A1B8200FF3AD7 /* Project object */ = {
			isa = PBXProject;
			attributes = {
				LastSwiftUpdateCheck = 0730;
				LastUpgradeCheck = 0730;
				ORGANIZATIONNAME = "Louis Tsai";
				TargetAttributes = {
					BFB0F76B1D3A1B8200FF3AD7 = {
						CreatedOnToolsVersion = 7.3.1;
						DevelopmentTeam = F4TL4LM96Q;
					};
				};
			};
			buildConfigurationList = BFB0F7671D3A1B8200FF3AD7 /* Build configuration list for PBXProject "Icon Generator" */;
			compatibilityVersion = "Xcode 3.2";
			developmentRegion = English;
			hasScannedForEncodings = 0;
			knownRegions = (
				en,
				Base,
			);
			mainGroup = BFB0F7631D3A1B8200FF3AD7;
			productRefGroup = BFB0F76D1D3A1B8200FF3AD7 /* Products */;
			projectDirPath = "";
			projectRoot = "";
			targets = (
				BFB0F76B1D3A1B8200FF3AD7 /* Icon Generator */,
			);
		};
/* End PBXProject section */

/* Begin PBXResourcesBuildPhase section */
		BFB0F76A1D3A1B8200FF3AD7 /* Resources */ = {
			isa = PBXResourcesBuildPhase;
			buildActionMask = 2147483647;
			files = (
				BFB0F77D1D3A1B8300FF3AD7 /* LaunchScreen.storyboard in Resources */,
				BFB0F77A1D3A1B8300FF3AD7 /* Assets.xcassets in Resources */,
				BFB0F7751D3A1B8300FF3AD7 /* Main.storyboard in Resources */,
			);
			runOnlyForDeploymentPostprocessing = 0;
		};
/* End PBXResourcesBuildPhase section */

/* Begin PBXShellScriptBuildPhase section */
		26B41C52873152B6AE354976 /* 📦 Check Pods Manifest.lock */ = {
			isa = PBXShellScriptBuildPhase;
			buildActionMask = 2147483647;
			files = (
			);
			inputPaths = (
			);
			name = "📦 Check Pods Manifest.lock";
			outputPaths = (
			);
			runOnlyForDeploymentPostprocessing = 0;
			shellPath = /bin/sh;
			shellScript = "diff \"${PODS_ROOT}/../Podfile.lock\" \"${PODS_ROOT}/Manifest.lock\" > /dev/null\nif [[ $? != 0 ]] ; then\n    cat << EOM\nerror: The sandbox is not in sync with the Podfile.lock. Run 'pod install' or update your CocoaPods installation.\nEOM\n    exit 1\nfi\n";
			showEnvVarsInLog = 0;
		};
		7AF077A7B04FDD17DC881AB9 /* 📦 Embed Pods Frameworks */ = {
			isa = PBXShellScriptBuildPhase;
			buildActionMask = 2147483647;
			files = (
			);
			inputPaths = (
			);
			name = "📦 Embed Pods Frameworks";
			outputPaths = (
			);
			runOnlyForDeploymentPostprocessing = 0;
			shellPath = /bin/sh;
			shellScript = "\"${SRCROOT}/Pods/Target Support Files/Pods-Icon Generator/Pods-Icon Generator-frameworks.sh\"\n";
			showEnvVarsInLog = 0;
		};
		A8011997F7A7EC18AC36C3CC /* 📦 Copy Pods Resources */ = {
			isa = PBXShellScriptBuildPhase;
			buildActionMask = 2147483647;
			files = (
			);
			inputPaths = (
			);
			name = "📦 Copy Pods Resources";
			outputPaths = (
			);
			runOnlyForDeploymentPostprocessing = 0;
			shellPath = /bin/sh;
			shellScript = "\"${SRCROOT}/Pods/Target Support Files/Pods-Icon Generator/Pods-Icon Generator-resources.sh\"\n";
			showEnvVarsInLog = 0;
		};
/* End PBXShellScriptBuildPhase section */

/* Begin PBXSourcesBuildPhase section */
		BFB0F7681D3A1B8200FF3AD7 /* Sources */ = {
			isa = PBXSourcesBuildPhase;
			buildActionMask = 2147483647;
			files = (
				BFB0F7721D3A1B8300FF3AD7 /* ViewController.swift in Sources */,
				BFB0F7701D3A1B8300FF3AD7 /* AppDelegate.swift in Sources */,
				BFB0F7781D3A1B8300FF3AD7 /* Icon_Generator.xcdatamodeld in Sources */,
			);
			runOnlyForDeploymentPostprocessing = 0;
		};
/* End PBXSourcesBuildPhase section */

/* Begin PBXVariantGroup section */
		BFB0F7731D3A1B8300FF3AD7 /* Main.storyboard */ = {
			isa = PBXVariantGroup;
			children = (
				BFB0F7741D3A1B8300FF3AD7 /* Base */,
			);
			name = Main.storyboard;
			sourceTree = "<group>";
		};
		BFB0F77B1D3A1B8300FF3AD7 /* LaunchScreen.storyboard */ = {
			isa = PBXVariantGroup;
			children = (
				BFB0F77C1D3A1B8300FF3AD7 /* Base */,
			);
			name = LaunchScreen.storyboard;
			sourceTree = "<group>";
		};
/* End PBXVariantGroup section */

/* Begin XCBuildConfiguration section */
		BFB0F77F1D3A1B8300FF3AD7 /* Debug */ = {
			isa = XCBuildConfiguration;
			buildSettings = {
				ALWAYS_SEARCH_USER_PATHS = NO;
				CLANG_ANALYZER_NONNULL = YES;
				CLANG_CXX_LANGUAGE_STANDARD = "gnu++0x";
				CLANG_CXX_LIBRARY = "libc++";
				CLANG_ENABLE_MODULES = YES;
				CLANG_ENABLE_OBJC_ARC = YES;
				CLANG_WARN_BOOL_CONVERSION = YES;
				CLANG_WARN_CONSTANT_CONVERSION = YES;
				CLANG_WARN_DIRECT_OBJC_ISA_USAGE = YES_ERROR;
				CLANG_WARN_EMPTY_BODY = YES;
				CLANG_WARN_ENUM_CONVERSION = YES;
				CLANG_WARN_INT_CONVERSION = YES;
				CLANG_WARN_OBJC_ROOT_CLASS = YES_ERROR;
				CLANG_WARN_UNREACHABLE_CODE = YES;
				CLANG_WARN__DUPLICATE_METHOD_MATCH = YES;
				"CODE_SIGN_IDENTITY[sdk=iphoneos*]" = "iPhone Developer";
				COPY_PHASE_STRIP = NO;
				DEBUG_INFORMATION_FORMAT = dwarf;
				ENABLE_STRICT_OBJC_MSGSEND = YES;
				ENABLE_TESTABILITY = YES;
				GCC_C_LANGUAGE_STANDARD = gnu99;
				GCC_DYNAMIC_NO_PIC = NO;
				GCC_NO_COMMON_BLOCKS = YES;
				GCC_OPTIMIZATION_LEVEL = 0;
				GCC_PREPROCESSOR_DEFINITIONS = (
					"DEBUG=1",
					"$(inherited)",
				);
				GCC_WARN_64_TO_32_BIT_CONVERSION = YES;
				GCC_WARN_ABOUT_RETURN_TYPE = YES_ERROR;
				GCC_WARN_UNDECLARED_SELECTOR = YES;
				GCC_WARN_UNINITIALIZED_AUTOS = YES_AGGRESSIVE;
				GCC_WARN_UNUSED_FUNCTION = YES;
				GCC_WARN_UNUSED_VARIABLE = YES;
				IPHONEOS_DEPLOYMENT_TARGET = 9.3;
				MTL_ENABLE_DEBUG_INFO = YES;
				ONLY_ACTIVE_ARCH = YES;
				SDKROOT = iphoneos;
				SWIFT_OPTIMIZATION_LEVEL = "-Onone";
				TARGETED_DEVICE_FAMILY = "1,2";
			};
			name = Debug;
		};
		BFB0F7801D3A1B8300FF3AD7 /* Release */ = {
			isa = XCBuildConfiguration;
			buildSettings = {
				ALWAYS_SEARCH_USER_PATHS = NO;
				CLANG_ANALYZER_NONNULL = YES;
				CLANG_CXX_LANGUAGE_STANDARD = "gnu++0x";
				CLANG_CXX_LIBRARY = "libc++";
				CLANG_ENABLE_MODULES = YES;
				CLANG_ENABLE_OBJC_ARC = YES;
				CLANG_WARN_BOOL_CONVERSION = YES;
				CLANG_WARN_CONSTANT_CONVERSION = YES;
				CLANG_WARN_DIRECT_OBJC_ISA_USAGE = YES_ERROR;
				CLANG_WARN_EMPTY_BODY = YES;
				CLANG_WARN_ENUM_CONVERSION = YES;
				CLANG_WARN_INT_CONVERSION = YES;
				CLANG_WARN_OBJC_ROOT_CLASS = YES_ERROR;
				CLANG_WARN_UNREACHABLE_CODE = YES;
				CLANG_WARN__DUPLICATE_METHOD_MATCH = YES;
				"CODE_SIGN_IDENTITY[sdk=iphoneos*]" = "iPhone Developer";
				COPY_PHASE_STRIP = NO;
				DEBUG_INFORMATION_FORMAT = "dwarf-with-dsym";
				ENABLE_NS_ASSERTIONS = NO;
				ENABLE_STRICT_OBJC_MSGSEND = YES;
				GCC_C_LANGUAGE_STANDARD = gnu99;
				GCC_NO_COMMON_BLOCKS = YES;
				GCC_WARN_64_TO_32_BIT_CONVERSION = YES;
				GCC_WARN_ABOUT_RETURN_TYPE = YES_ERROR;
				GCC_WARN_UNDECLARED_SELECTOR = YES;
				GCC_WARN_UNINITIALIZED_AUTOS = YES_AGGRESSIVE;
				GCC_WARN_UNUSED_FUNCTION = YES;
				GCC_WARN_UNUSED_VARIABLE = YES;
				IPHONEOS_DEPLOYMENT_TARGET = 9.3;
				MTL_ENABLE_DEBUG_INFO = NO;
				SDKROOT = iphoneos;
				TARGETED_DEVICE_FAMILY = "1,2";
				VALIDATE_PRODUCT = YES;
			};
			name = Release;
		};
		BFB0F7821D3A1B8300FF3AD7 /* Debug */ = {
			isa = XCBuildConfiguration;
			baseConfigurationReference = F82A0D307E76DDBA1482159B /* Pods-Icon Generator.debug.xcconfig */;
			buildSettings = {
				ASSETCATALOG_COMPILER_APPICON_NAME = AppIcon;
				INFOPLIST_FILE = "Icon Generator/Info.plist";
				LD_RUNPATH_SEARCH_PATHS = "$(inherited) @executable_path/Frameworks";
				PRODUCT_BUNDLE_IDENTIFIER = "io.github.louistsaitszho.Icon-Generator";
				PRODUCT_NAME = "$(TARGET_NAME)";
			};
			name = Debug;
		};
		BFB0F7831D3A1B8300FF3AD7 /* Release */ = {
			isa = XCBuildConfiguration;
			baseConfigurationReference = E798755F087AE583EEB2EF2C /* Pods-Icon Generator.release.xcconfig */;
			buildSettings = {
				ASSETCATALOG_COMPILER_APPICON_NAME = AppIcon;
				INFOPLIST_FILE = "Icon Generator/Info.plist";
				LD_RUNPATH_SEARCH_PATHS = "$(inherited) @executable_path/Frameworks";
				PRODUCT_BUNDLE_IDENTIFIER = "io.github.louistsaitszho.Icon-Generator";
				PRODUCT_NAME = "$(TARGET_NAME)";
			};
			name = Release;
		};
/* End XCBuildConfiguration section */

/* Begin XCConfigurationList section */
		BFB0F7671D3A1B8200FF3AD7 /* Build configuration list for PBXProject "Icon Generator" */ = {
			isa = XCConfigurationList;
			buildConfigurations = (
				BFB0F77F1D3A1B8300FF3AD7 /* Debug */,
				BFB0F7801D3A1B8300FF3AD7 /* Release */,
			);
			defaultConfigurationIsVisible = 0;
			defaultConfigurationName = Release;
		};
		BFB0F7811D3A1B8300FF3AD7 /* Build configuration list for PBXNativeTarget "Icon Generator" */ = {
			isa = XCConfigurationList;
			buildConfigurations = (
				BFB0F7821D3A1B8300FF3AD7 /* Debug */,
				BFB0F7831D3A1B8300FF3AD7 /* Release */,
			);
			defaultConfigurationIsVisible = 0;
			defaultConfigurationName = Release;
		};
/* End XCConfigurationList section */

/* Begin XCVersionGroup section */
		BFB0F7761D3A1B8300FF3AD7 /* Icon_Generator.xcdatamodeld */ = {
			isa = XCVersionGroup;
			children = (
				BFB0F7771D3A1B8300FF3AD7 /* Icon_Generator.xcdatamodel */,
			);
			currentVersion = BFB0F7771D3A1B8300FF3AD7 /* Icon_Generator.xcdatamodel */;
			path = Icon_Generator.xcdatamodeld;
			sourceTree = "<group>";
			versionGroupType = wrapper.xcdatamodel;
		};
/* End XCVersionGroup section */
	};
	rootObject = BFB0F7641D3A1B8200FF3AD7 /* Project object */;
}
